// !$*UTF8*$!
{
	archiveVersion = 1;
	classes = {
	};
	objectVersion = 46;
	objects = {

/* Begin PBXBuildFile section */
		96E0AF85196AB4AA00FE0E72 /* Foundation.framework in Frameworks */ = {isa = PBXBuildFile; fileRef = 96E0AF84196AB4AA00FE0E72 /* Foundation.framework */; };
		96E0AF87196AB4AA00FE0E72 /* CoreGraphics.framework in Frameworks */ = {isa = PBXBuildFile; fileRef = 96E0AF86196AB4AA00FE0E72 /* CoreGraphics.framework */; };
		96E0AF89196AB4AA00FE0E72 /* UIKit.framework in Frameworks */ = {isa = PBXBuildFile; fileRef = 96E0AF88196AB4AA00FE0E72 /* UIKit.framework */; };
		96E0AF8F196AB4AA00FE0E72 /* InfoPlist.strings in Resources */ = {isa = PBXBuildFile; fileRef = 96E0AF8D196AB4AA00FE0E72 /* InfoPlist.strings */; };
		96E0AF91196AB4AA00FE0E72 /* main.m in Sources */ = {isa = PBXBuildFile; fileRef = 96E0AF90196AB4AA00FE0E72 /* main.m */; };
		96E0AF95196AB4AA00FE0E72 /* NUBAppDelegate.m in Sources */ = {isa = PBXBuildFile; fileRef = 96E0AF94196AB4AA00FE0E72 /* NUBAppDelegate.m */; };
		96E0AF98196AB4AA00FE0E72 /* Main.storyboard in Resources */ = {isa = PBXBuildFile; fileRef = 96E0AF96196AB4AA00FE0E72 /* Main.storyboard */; };
		96E0AF9B196AB4AA00FE0E72 /* NUBViewController.m in Sources */ = {isa = PBXBuildFile; fileRef = 96E0AF9A196AB4AA00FE0E72 /* NUBViewController.m */; };
		96E0AF9D196AB4AA00FE0E72 /* Images.xcassets in Resources */ = {isa = PBXBuildFile; fileRef = 96E0AF9C196AB4AA00FE0E72 /* Images.xcassets */; };
		96E0AFA4196AB4AA00FE0E72 /* XCTest.framework in Frameworks */ = {isa = PBXBuildFile; fileRef = 96E0AFA3196AB4AA00FE0E72 /* XCTest.framework */; };
		96E0AFA5196AB4AA00FE0E72 /* Foundation.framework in Frameworks */ = {isa = PBXBuildFile; fileRef = 96E0AF84196AB4AA00FE0E72 /* Foundation.framework */; };
		96E0AFA6196AB4AA00FE0E72 /* UIKit.framework in Frameworks */ = {isa = PBXBuildFile; fileRef = 96E0AF88196AB4AA00FE0E72 /* UIKit.framework */; };
		96E0AFAE196AB4AA00FE0E72 /* InfoPlist.strings in Resources */ = {isa = PBXBuildFile; fileRef = 96E0AFAC196AB4AA00FE0E72 /* InfoPlist.strings */; };
		96E0AFB0196AB4AA00FE0E72 /* WebViewTests.m in Sources */ = {isa = PBXBuildFile; fileRef = 96E0AFAF196AB4AA00FE0E72 /* WebViewTests.m */; };
		96E0AFBB196AB5F000FE0E72 /* NUBWebViewController.m in Sources */ = {isa = PBXBuildFile; fileRef = 96E0AFBA196AB5F000FE0E72 /* NUBWebViewController.m */; };
		96E0AFC6196ABC3900FE0E72 /* license.txt in Resources */ = {isa = PBXBuildFile; fileRef = 96E0AFBD196ABC3900FE0E72 /* license.txt */; };
		96E0AFC7196ABC3900FE0E72 /* reload-100.png in Resources */ = {isa = PBXBuildFile; fileRef = 96E0AFBE196ABC3900FE0E72 /* reload-100.png */; };
		96E0AFC8196ABC3900FE0E72 /* reload-128.png in Resources */ = {isa = PBXBuildFile; fileRef = 96E0AFBF196ABC3900FE0E72 /* reload-128.png */; };
		96E0AFC9196ABC3900FE0E72 /* reload-25.png in Resources */ = {isa = PBXBuildFile; fileRef = 96E0AFC0196ABC3900FE0E72 /* reload-25.png */; };
		96E0AFCA196ABC3900FE0E72 /* reload-256.png in Resources */ = {isa = PBXBuildFile; fileRef = 96E0AFC1196ABC3900FE0E72 /* reload-256.png */; };
		96E0AFCB196ABC3900FE0E72 /* reload-32.png in Resources */ = {isa = PBXBuildFile; fileRef = 96E0AFC2196ABC3900FE0E72 /* reload-32.png */; };
		96E0AFCC196ABC3900FE0E72 /* reload-50.png in Resources */ = {isa = PBXBuildFile; fileRef = 96E0AFC3196ABC3900FE0E72 /* reload-50.png */; };
		96E0AFCD196ABC3900FE0E72 /* reload-512.png in Resources */ = {isa = PBXBuildFile; fileRef = 96E0AFC4196ABC3900FE0E72 /* reload-512.png */; };
		96E0AFCE196ABC3900FE0E72 /* reload-75.png in Resources */ = {isa = PBXBuildFile; fileRef = 96E0AFC5196ABC3900FE0E72 /* reload-75.png */; };
		96E0AFD1196AC0B300FE0E72 /* WebView+Debug.m in Sources */ = {isa = PBXBuildFile; fileRef = 96E0AFD0196AC0B300FE0E72 /* WebView+Debug.m */; };
/* End PBXBuildFile section */

/* Begin PBXContainerItemProxy section */
		96E0AFA7196AB4AA00FE0E72 /* PBXContainerItemProxy */ = {
			isa = PBXContainerItemProxy;
			containerPortal = 96E0AF79196AB4AA00FE0E72 /* Project object */;
			proxyType = 1;
			remoteGlobalIDString = 96E0AF80196AB4AA00FE0E72;
			remoteInfo = WebView;
		};
/* End PBXContainerItemProxy section */

/* Begin PBXFileReference section */
		96E0AF81196AB4AA00FE0E72 /* WebView.app */ = {isa = PBXFileReference; explicitFileType = wrapper.application; includeInIndex = 0; path = WebView.app; sourceTree = BUILT_PRODUCTS_DIR; };
		96E0AF84196AB4AA00FE0E72 /* Foundation.framework */ = {isa = PBXFileReference; lastKnownFileType = wrapper.framework; name = Foundation.framework; path = System/Library/Frameworks/Foundation.framework; sourceTree = SDKROOT; };
		96E0AF86196AB4AA00FE0E72 /* CoreGraphics.framework */ = {isa = PBXFileReference; lastKnownFileType = wrapper.framework; name = CoreGraphics.framework; path = System/Library/Frameworks/CoreGraphics.framework; sourceTree = SDKROOT; };
		96E0AF88196AB4AA00FE0E72 /* UIKit.framework */ = {isa = PBXFileReference; lastKnownFileType = wrapper.framework; name = UIKit.framework; path = System/Library/Frameworks/UIKit.framework; sourceTree = SDKROOT; };
		96E0AF8C196AB4AA00FE0E72 /* WebView-Info.plist */ = {isa = PBXFileReference; lastKnownFileType = text.plist.xml; path = "WebView-Info.plist"; sourceTree = "<group>"; };
		96E0AF8E196AB4AA00FE0E72 /* en */ = {isa = PBXFileReference; lastKnownFileType = text.plist.strings; name = en; path = en.lproj/InfoPlist.strings; sourceTree = "<group>"; };
		96E0AF90196AB4AA00FE0E72 /* main.m */ = {isa = PBXFileReference; lastKnownFileType = sourcecode.c.objc; path = main.m; sourceTree = "<group>"; };
		96E0AF92196AB4AA00FE0E72 /* WebView-Prefix.pch */ = {isa = PBXFileReference; lastKnownFileType = sourcecode.c.h; path = "WebView-Prefix.pch"; sourceTree = "<group>"; };
		96E0AF93196AB4AA00FE0E72 /* NUBAppDelegate.h */ = {isa = PBXFileReference; lastKnownFileType = sourcecode.c.h; path = NUBAppDelegate.h; sourceTree = "<group>"; };
		96E0AF94196AB4AA00FE0E72 /* NUBAppDelegate.m */ = {isa = PBXFileReference; lastKnownFileType = sourcecode.c.objc; path = NUBAppDelegate.m; sourceTree = "<group>"; };
		96E0AF97196AB4AA00FE0E72 /* Base */ = {isa = PBXFileReference; lastKnownFileType = file.storyboard; name = Base; path = Base.lproj/Main.storyboard; sourceTree = "<group>"; };
		96E0AF99196AB4AA00FE0E72 /* NUBViewController.h */ = {isa = PBXFileReference; lastKnownFileType = sourcecode.c.h; path = NUBViewController.h; sourceTree = "<group>"; };
		96E0AF9A196AB4AA00FE0E72 /* NUBViewController.m */ = {isa = PBXFileReference; lastKnownFileType = sourcecode.c.objc; path = NUBViewController.m; sourceTree = "<group>"; };
		96E0AF9C196AB4AA00FE0E72 /* Images.xcassets */ = {isa = PBXFileReference; lastKnownFileType = folder.assetcatalog; path = Images.xcassets; sourceTree = "<group>"; };
		96E0AFA2196AB4AA00FE0E72 /* WebViewTests.xctest */ = {isa = PBXFileReference; explicitFileType = wrapper.cfbundle; includeInIndex = 0; path = WebViewTests.xctest; sourceTree = BUILT_PRODUCTS_DIR; };
		96E0AFA3196AB4AA00FE0E72 /* XCTest.framework */ = {isa = PBXFileReference; lastKnownFileType = wrapper.framework; name = XCTest.framework; path = Library/Frameworks/XCTest.framework; sourceTree = DEVELOPER_DIR; };
		96E0AFAB196AB4AA00FE0E72 /* WebViewTests-Info.plist */ = {isa = PBXFileReference; lastKnownFileType = text.plist.xml; path = "WebViewTests-Info.plist"; sourceTree = "<group>"; };
		96E0AFAD196AB4AA00FE0E72 /* en */ = {isa = PBXFileReference; lastKnownFileType = text.plist.strings; name = en; path = en.lproj/InfoPlist.strings; sourceTree = "<group>"; };
		96E0AFAF196AB4AA00FE0E72 /* WebViewTests.m */ = {isa = PBXFileReference; lastKnownFileType = sourcecode.c.objc; path = WebViewTests.m; sourceTree = "<group>"; };
		96E0AFB9196AB5F000FE0E72 /* NUBWebViewController.h */ = {isa = PBXFileReference; fileEncoding = 4; lastKnownFileType = sourcecode.c.h; path = NUBWebViewController.h; sourceTree = "<group>"; };
		96E0AFBA196AB5F000FE0E72 /* NUBWebViewController.m */ = {isa = PBXFileReference; fileEncoding = 4; lastKnownFileType = sourcecode.c.objc; path = NUBWebViewController.m; sourceTree = "<group>"; };
		96E0AFBD196ABC3900FE0E72 /* license.txt */ = {isa = PBXFileReference; fileEncoding = 4; lastKnownFileType = text; path = license.txt; sourceTree = "<group>"; };
		96E0AFBE196ABC3900FE0E72 /* reload-100.png */ = {isa = PBXFileReference; lastKnownFileType = image.png; path = "reload-100.png"; sourceTree = "<group>"; };
		96E0AFBF196ABC3900FE0E72 /* reload-128.png */ = {isa = PBXFileReference; lastKnownFileType = image.png; path = "reload-128.png"; sourceTree = "<group>"; };
		96E0AFC0196ABC3900FE0E72 /* reload-25.png */ = {isa = PBXFileReference; lastKnownFileType = image.png; path = "reload-25.png"; sourceTree = "<group>"; };
		96E0AFC1196ABC3900FE0E72 /* reload-256.png */ = {isa = PBXFileReference; lastKnownFileType = image.png; path = "reload-256.png"; sourceTree = "<group>"; };
		96E0AFC2196ABC3900FE0E72 /* reload-32.png */ = {isa = PBXFileReference; lastKnownFileType = image.png; path = "reload-32.png"; sourceTree = "<group>"; };
		96E0AFC3196ABC3900FE0E72 /* reload-50.png */ = {isa = PBXFileReference; lastKnownFileType = image.png; path = "reload-50.png"; sourceTree = "<group>"; };
		96E0AFC4196ABC3900FE0E72 /* reload-512.png */ = {isa = PBXFileReference; lastKnownFileType = image.png; path = "reload-512.png"; sourceTree = "<group>"; };
		96E0AFC5196ABC3900FE0E72 /* reload-75.png */ = {isa = PBXFileReference; lastKnownFileType = image.png; path = "reload-75.png"; sourceTree = "<group>"; };
		96E0AFCF196AC0B300FE0E72 /* WebView+Debug.h */ = {isa = PBXFileReference; fileEncoding = 4; lastKnownFileType = sourcecode.c.h; path = "WebView+Debug.h"; sourceTree = "<group>"; };
		96E0AFD0196AC0B300FE0E72 /* WebView+Debug.m */ = {isa = PBXFileReference; fileEncoding = 4; lastKnownFileType = sourcecode.c.objc; path = "WebView+Debug.m"; sourceTree = "<group>"; };
/* End PBXFileReference section */

/* Begin PBXFrameworksBuildPhase section */
		96E0AF7E196AB4AA00FE0E72 /* Frameworks */ = {
			isa = PBXFrameworksBuildPhase;
			buildActionMask = 2147483647;
			files = (
				96E0AF87196AB4AA00FE0E72 /* CoreGraphics.framework in Frameworks */,
				96E0AF89196AB4AA00FE0E72 /* UIKit.framework in Frameworks */,
				96E0AF85196AB4AA00FE0E72 /* Foundation.framework in Frameworks */,
			);
			runOnlyForDeploymentPostprocessing = 0;
		};
		96E0AF9F196AB4AA00FE0E72 /* Frameworks */ = {
			isa = PBXFrameworksBuildPhase;
			buildActionMask = 2147483647;
			files = (
				96E0AFA4196AB4AA00FE0E72 /* XCTest.framework in Frameworks */,
				96E0AFA6196AB4AA00FE0E72 /* UIKit.framework in Frameworks */,
				96E0AFA5196AB4AA00FE0E72 /* Foundation.framework in Frameworks */,
			);
			runOnlyForDeploymentPostprocessing = 0;
		};
/* End PBXFrameworksBuildPhase section */

/* Begin PBXGroup section */
		96E0AF78196AB4AA00FE0E72 = {
			isa = PBXGroup;
			children = (
				96E0AF8A196AB4AA00FE0E72 /* WebView */,
				96E0AFA9196AB4AA00FE0E72 /* WebViewTests */,
				96E0AF83196AB4AA00FE0E72 /* Frameworks */,
				96E0AF82196AB4AA00FE0E72 /* Products */,
			);
			sourceTree = "<group>";
		};
		96E0AF82196AB4AA00FE0E72 /* Products */ = {
			isa = PBXGroup;
			children = (
				96E0AF81196AB4AA00FE0E72 /* WebView.app */,
				96E0AFA2196AB4AA00FE0E72 /* WebViewTests.xctest */,
			);
			name = Products;
			sourceTree = "<group>";
		};
		96E0AF83196AB4AA00FE0E72 /* Frameworks */ = {
			isa = PBXGroup;
			children = (
				96E0AF84196AB4AA00FE0E72 /* Foundation.framework */,
				96E0AF86196AB4AA00FE0E72 /* CoreGraphics.framework */,
				96E0AF88196AB4AA00FE0E72 /* UIKit.framework */,
				96E0AFA3196AB4AA00FE0E72 /* XCTest.framework */,
			);
			name = Frameworks;
			sourceTree = "<group>";
		};
		96E0AF8A196AB4AA00FE0E72 /* WebView */ = {
			isa = PBXGroup;
			children = (
				96E0AFCF196AC0B300FE0E72 /* WebView+Debug.h */,
				96E0AFD0196AC0B300FE0E72 /* WebView+Debug.m */,
				96E0AF93196AB4AA00FE0E72 /* NUBAppDelegate.h */,
				96E0AF94196AB4AA00FE0E72 /* NUBAppDelegate.m */,
				96E0AF96196AB4AA00FE0E72 /* Main.storyboard */,
				96E0AF99196AB4AA00FE0E72 /* NUBViewController.h */,
				96E0AF9A196AB4AA00FE0E72 /* NUBViewController.m */,
				96E0AF9C196AB4AA00FE0E72 /* Images.xcassets */,
				96E0AFB9196AB5F000FE0E72 /* NUBWebViewController.h */,
				96E0AFBA196AB5F000FE0E72 /* NUBWebViewController.m */,
				96E0AF8B196AB4AA00FE0E72 /* Supporting Files */,
			);
			path = WebView;
			sourceTree = "<group>";
		};
		96E0AF8B196AB4AA00FE0E72 /* Supporting Files */ = {
			isa = PBXGroup;
			children = (
				96E0AFBC196ABC3900FE0E72 /* reload */,
				96E0AF8C196AB4AA00FE0E72 /* WebView-Info.plist */,
				96E0AF8D196AB4AA00FE0E72 /* InfoPlist.strings */,
				96E0AF90196AB4AA00FE0E72 /* main.m */,
				96E0AF92196AB4AA00FE0E72 /* WebView-Prefix.pch */,
			);
			name = "Supporting Files";
			sourceTree = "<group>";
		};
		96E0AFA9196AB4AA00FE0E72 /* WebViewTests */ = {
			isa = PBXGroup;
			children = (
				96E0AFAF196AB4AA00FE0E72 /* WebViewTests.m */,
				96E0AFAA196AB4AA00FE0E72 /* Supporting Files */,
			);
			path = WebViewTests;
			sourceTree = "<group>";
		};
		96E0AFAA196AB4AA00FE0E72 /* Supporting Files */ = {
			isa = PBXGroup;
			children = (
				96E0AFAB196AB4AA00FE0E72 /* WebViewTests-Info.plist */,
				96E0AFAC196AB4AA00FE0E72 /* InfoPlist.strings */,
			);
			name = "Supporting Files";
			sourceTree = "<group>";
		};
		96E0AFBC196ABC3900FE0E72 /* reload */ = {
			isa = PBXGroup;
			children = (
				96E0AFBD196ABC3900FE0E72 /* license.txt */,
				96E0AFBE196ABC3900FE0E72 /* reload-100.png */,
				96E0AFBF196ABC3900FE0E72 /* reload-128.png */,
				96E0AFC0196ABC3900FE0E72 /* reload-25.png */,
				96E0AFC1196ABC3900FE0E72 /* reload-256.png */,
				96E0AFC2196ABC3900FE0E72 /* reload-32.png */,
				96E0AFC3196ABC3900FE0E72 /* reload-50.png */,
				96E0AFC4196ABC3900FE0E72 /* reload-512.png */,
				96E0AFC5196ABC3900FE0E72 /* reload-75.png */,
			);
			path = reload;
			sourceTree = "<group>";
		};
/* End PBXGroup section */

/* Begin PBXNativeTarget section */
		96E0AF80196AB4AA00FE0E72 /* WebView */ = {
			isa = PBXNativeTarget;
			buildConfigurationList = 96E0AFB3196AB4AA00FE0E72 /* Build configuration list for PBXNativeTarget "WebView" */;
			buildPhases = (
				96E0AF7D196AB4AA00FE0E72 /* Sources */,
				96E0AF7E196AB4AA00FE0E72 /* Frameworks */,
				96E0AF7F196AB4AA00FE0E72 /* Resources */,
			);
			buildRules = (
			);
			dependencies = (
			);
			name = WebView;
			productName = WebView;
			productReference = 96E0AF81196AB4AA00FE0E72 /* WebView.app */;
			productType = "com.apple.product-type.application";
		};
		96E0AFA1196AB4AA00FE0E72 /* WebViewTests */ = {
			isa = PBXNativeTarget;
			buildConfigurationList = 96E0AFB6196AB4AA00FE0E72 /* Build configuration list for PBXNativeTarget "WebViewTests" */;
			buildPhases = (
				96E0AF9E196AB4AA00FE0E72 /* Sources */,
				96E0AF9F196AB4AA00FE0E72 /* Frameworks */,
				96E0AFA0196AB4AA00FE0E72 /* Resources */,
			);
			buildRules = (
			);
			dependencies = (
				96E0AFA8196AB4AA00FE0E72 /* PBXTargetDependency */,
			);
			name = WebViewTests;
			productName = WebViewTests;
			productReference = 96E0AFA2196AB4AA00FE0E72 /* WebViewTests.xctest */;
			productType = "com.apple.product-type.bundle.unit-test";
		};
/* End PBXNativeTarget section */

/* Begin PBXProject section */
		96E0AF79196AB4AA00FE0E72 /* Project object */ = {
			isa = PBXProject;
			attributes = {
				CLASSPREFIX = NUB;
				LastUpgradeCheck = 0510;
				ORGANIZATIONNAME = Nubis;
				TargetAttributes = {
					96E0AFA1196AB4AA00FE0E72 = {
						TestTargetID = 96E0AF80196AB4AA00FE0E72;
					};
				};
			};
			buildConfigurationList = 96E0AF7C196AB4AA00FE0E72 /* Build configuration list for PBXProject "WebView" */;
			compatibilityVersion = "Xcode 3.2";
			developmentRegion = English;
			hasScannedForEncodings = 0;
			knownRegions = (
				en,
				Base,
			);
			mainGroup = 96E0AF78196AB4AA00FE0E72;
			productRefGroup = 96E0AF82196AB4AA00FE0E72 /* Products */;
			projectDirPath = "";
			projectRoot = "";
			targets = (
				96E0AF80196AB4AA00FE0E72 /* WebView */,
				96E0AFA1196AB4AA00FE0E72 /* WebViewTests */,
			);
		};
/* End PBXProject section */

/* Begin PBXResourcesBuildPhase section */
		96E0AF7F196AB4AA00FE0E72 /* Resources */ = {
			isa = PBXResourcesBuildPhase;
			buildActionMask = 2147483647;
			files = (
				96E0AFC7196ABC3900FE0E72 /* reload-100.png in Resources */,
				96E0AFC6196ABC3900FE0E72 /* license.txt in Resources */,
				96E0AFCA196ABC3900FE0E72 /* reload-256.png in Resources */,
				96E0AF9D196AB4AA00FE0E72 /* Images.xcassets in Resources */,
				96E0AFC9196ABC3900FE0E72 /* reload-25.png in Resources */,
				96E0AFCB196ABC3900FE0E72 /* reload-32.png in Resources */,
				96E0AF8F196AB4AA00FE0E72 /* InfoPlist.strings in Resources */,
				96E0AFC8196ABC3900FE0E72 /* reload-128.png in Resources */,
				96E0AFCE196ABC3900FE0E72 /* reload-75.png in Resources */,
				96E0AF98196AB4AA00FE0E72 /* Main.storyboard in Resources */,
				96E0AFCC196ABC3900FE0E72 /* reload-50.png in Resources */,
				96E0AFCD196ABC3900FE0E72 /* reload-512.png in Resources */,
			);
			runOnlyForDeploymentPostprocessing = 0;
		};
		96E0AFA0196AB4AA00FE0E72 /* Resources */ = {
			isa = PBXResourcesBuildPhase;
			buildActionMask = 2147483647;
			files = (
				96E0AFAE196AB4AA00FE0E72 /* InfoPlist.strings in Resources */,
			);
			runOnlyForDeploymentPostprocessing = 0;
		};
/* End PBXResourcesBuildPhase section */

/* Begin PBXSourcesBuildPhase section */
		96E0AF7D196AB4AA00FE0E72 /* Sources */ = {
			isa = PBXSourcesBuildPhase;
			buildActionMask = 2147483647;
			files = (
				96E0AFD1196AC0B300FE0E72 /* WebView+Debug.m in Sources */,
				96E0AF9B196AB4AA00FE0E72 /* NUBViewController.m in Sources */,
				96E0AF95196AB4AA00FE0E72 /* NUBAppDelegate.m in Sources */,
				96E0AF91196AB4AA00FE0E72 /* main.m in Sources */,
				96E0AFBB196AB5F000FE0E72 /* NUBWebViewController.m in Sources */,
			);
			runOnlyForDeploymentPostprocessing = 0;
		};
		96E0AF9E196AB4AA00FE0E72 /* Sources */ = {
			isa = PBXSourcesBuildPhase;
			buildActionMask = 2147483647;
			files = (
				96E0AFB0196AB4AA00FE0E72 /* WebViewTests.m in Sources */,
			);
			runOnlyForDeploymentPostprocessing = 0;
		};
/* End PBXSourcesBuildPhase section */

/* Begin PBXTargetDependency section */
		96E0AFA8196AB4AA00FE0E72 /* PBXTargetDependency */ = {
			isa = PBXTargetDependency;
			target = 96E0AF80196AB4AA00FE0E72 /* WebView */;
			targetProxy = 96E0AFA7196AB4AA00FE0E72 /* PBXContainerItemProxy */;
		};
/* End PBXTargetDependency section */

/* Begin PBXVariantGroup section */
		96E0AF8D196AB4AA00FE0E72 /* InfoPlist.strings */ = {
			isa = PBXVariantGroup;
			children = (
				96E0AF8E196AB4AA00FE0E72 /* en */,
			);
			name = InfoPlist.strings;
			sourceTree = "<group>";
		};
		96E0AF96196AB4AA00FE0E72 /* Main.storyboard */ = {
			isa = PBXVariantGroup;
			children = (
				96E0AF97196AB4AA00FE0E72 /* Base */,
			);
			name = Main.storyboard;
			sourceTree = "<group>";
		};
		96E0AFAC196AB4AA00FE0E72 /* InfoPlist.strings */ = {
			isa = PBXVariantGroup;
			children = (
				96E0AFAD196AB4AA00FE0E72 /* en */,
			);
			name = InfoPlist.strings;
			sourceTree = "<group>";
		};
/* End PBXVariantGroup section */

/* Begin XCBuildConfiguration section */
		96E0AFB1196AB4AA00FE0E72 /* Debug */ = {
			isa = XCBuildConfiguration;
			buildSettings = {
				ALWAYS_SEARCH_USER_PATHS = NO;
				CLANG_CXX_LANGUAGE_STANDARD = "gnu++0x";
				CLANG_CXX_LIBRARY = "libc++";
				CLANG_ENABLE_MODULES = YES;
				CLANG_ENABLE_OBJC_ARC = YES;
				CLANG_WARN_BOOL_CONVERSION = YES;
				CLANG_WARN_CONSTANT_CONVERSION = YES;
				CLANG_WARN_DIRECT_OBJC_ISA_USAGE = YES_ERROR;
				CLANG_WARN_EMPTY_BODY = YES;
				CLANG_WARN_ENUM_CONVERSION = YES;
				CLANG_WARN_INT_CONVERSION = YES;
				CLANG_WARN_OBJC_ROOT_CLASS = YES_ERROR;
				CLANG_WARN__DUPLICATE_METHOD_MATCH = YES;
				"CODE_SIGN_IDENTITY[sdk=iphoneos*]" = "iPhone Developer";
				COPY_PHASE_STRIP = NO;
				GCC_C_LANGUAGE_STANDARD = gnu99;
				GCC_DYNAMIC_NO_PIC = NO;
				GCC_OPTIMIZATION_LEVEL = 0;
				GCC_PREPROCESSOR_DEFINITIONS = (
					"DEBUG=1",
					"$(inherited)",
				);
				GCC_SYMBOLS_PRIVATE_EXTERN = NO;
				GCC_WARN_64_TO_32_BIT_CONVERSION = YES;
				GCC_WARN_ABOUT_RETURN_TYPE = YES_ERROR;
				GCC_WARN_UNDECLARED_SELECTOR = YES;
				GCC_WARN_UNINITIALIZED_AUTOS = YES_AGGRESSIVE;
				GCC_WARN_UNUSED_FUNCTION = YES;
				GCC_WARN_UNUSED_VARIABLE = YES;
				IPHONEOS_DEPLOYMENT_TARGET = 7.1;
				ONLY_ACTIVE_ARCH = YES;
				SDKROOT = iphoneos;
			};
			name = Debug;
		};
		96E0AFB2196AB4AA00FE0E72 /* Release */ = {
			isa = XCBuildConfiguration;
			buildSettings = {
				ALWAYS_SEARCH_USER_PATHS = NO;
				CLANG_CXX_LANGUAGE_STANDARD = "gnu++0x";
				CLANG_CXX_LIBRARY = "libc++";
				CLANG_ENABLE_MODULES = YES;
				CLANG_ENABLE_OBJC_ARC = YES;
				CLANG_WARN_BOOL_CONVERSION = YES;
				CLANG_WARN_CONSTANT_CONVERSION = YES;
				CLANG_WARN_DIRECT_OBJC_ISA_USAGE = YES_ERROR;
				CLANG_WARN_EMPTY_BODY = YES;
				CLANG_WARN_ENUM_CONVERSION = YES;
				CLANG_WARN_INT_CONVERSION = YES;
				CLANG_WARN_OBJC_ROOT_CLASS = YES_ERROR;
				CLANG_WARN__DUPLICATE_METHOD_MATCH = YES;
				"CODE_SIGN_IDENTITY[sdk=iphoneos*]" = "iPhone Developer";
				COPY_PHASE_STRIP = YES;
				ENABLE_NS_ASSERTIONS = NO;
				GCC_C_LANGUAGE_STANDARD = gnu99;
				GCC_WARN_64_TO_32_BIT_CONVERSION = YES;
				GCC_WARN_ABOUT_RETURN_TYPE = YES_ERROR;
				GCC_WARN_UNDECLARED_SELECTOR = YES;
				GCC_WARN_UNINITIALIZED_AUTOS = YES_AGGRESSIVE;
				GCC_WARN_UNUSED_FUNCTION = YES;
				GCC_WARN_UNUSED_VARIABLE = YES;
				IPHONEOS_DEPLOYMENT_TARGET = 7.1;
				SDKROOT = iphoneos;
				VALIDATE_PRODUCT = YES;
			};
			name = Release;
		};
		96E0AFB4196AB4AA00FE0E72 /* Debug */ = {
			isa = XCBuildConfiguration;
			buildSettings = {
				ASSETCATALOG_COMPILER_APPICON_NAME = AppIcon;
				ASSETCATALOG_COMPILER_LAUNCHIMAGE_NAME = LaunchImage;
				GCC_PRECOMPILE_PREFIX_HEADER = YES;
				GCC_PREFIX_HEADER = "WebView/WebView-Prefix.pch";
				INFOPLIST_FILE = "WebView/WebView-Info.plist";
				PRODUCT_NAME = "$(TARGET_NAME)";
				WRAPPER_EXTENSION = app;
			};
			name = Debug;
		};
		96E0AFB5196AB4AA00FE0E72 /* Release */ = {
			isa = XCBuildConfiguration;
			buildSettings = {
				ASSETCATALOG_COMPILER_APPICON_NAME = AppIcon;
				ASSETCATALOG_COMPILER_LAUNCHIMAGE_NAME = LaunchImage;
				GCC_PRECOMPILE_PREFIX_HEADER = YES;
				GCC_PREFIX_HEADER = "WebView/WebView-Prefix.pch";
				INFOPLIST_FILE = "WebView/WebView-Info.plist";
				PRODUCT_NAME = "$(TARGET_NAME)";
				WRAPPER_EXTENSION = app;
			};
			name = Release;
		};
		96E0AFB7196AB4AA00FE0E72 /* Debug */ = {
			isa = XCBuildConfiguration;
			buildSettings = {
				BUNDLE_LOADER = "$(BUILT_PRODUCTS_DIR)/WebView.app/WebView";
				FRAMEWORK_SEARCH_PATHS = (
					"$(SDKROOT)/Developer/Library/Frameworks",
					"$(inherited)",
					"$(DEVELOPER_FRAMEWORKS_DIR)",
				);
				GCC_PRECOMPILE_PREFIX_HEADER = YES;
				GCC_PREFIX_HEADER = "WebView/WebView-Prefix.pch";
				GCC_PREPROCESSOR_DEFINITIONS = (
					"DEBUG=1",
					"$(inherited)",
				);
				INFOPLIST_FILE = "WebViewTests/WebViewTests-Info.plist";
				PRODUCT_NAME = "$(TARGET_NAME)";
				TEST_HOST = "$(BUNDLE_LOADER)";
				WRAPPER_EXTENSION = xctest;
			};
			name = Debug;
		};
		96E0AFB8196AB4AA00FE0E72 /* Release */ = {
			isa = XCBuildConfiguration;
			buildSettings = {
				BUNDLE_LOADER = "$(BUILT_PRODUCTS_DIR)/WebView.app/WebView";
				FRAMEWORK_SEARCH_PATHS = (
					"$(SDKROOT)/Developer/Library/Frameworks",
					"$(inherited)",
					"$(DEVELOPER_FRAMEWORKS_DIR)",
				);
				GCC_PRECOMPILE_PREFIX_HEADER = YES;
				GCC_PREFIX_HEADER = "WebView/WebView-Prefix.pch";
				INFOPLIST_FILE = "WebViewTests/WebViewTests-Info.plist";
				PRODUCT_NAME = "$(TARGET_NAME)";
				TEST_HOST = "$(BUNDLE_LOADER)";
				WRAPPER_EXTENSION = xctest;
			};
			name = Release;
		};
/* End XCBuildConfiguration section */

/* Begin XCConfigurationList section */
		96E0AF7C196AB4AA00FE0E72 /* Build configuration list for PBXProject "WebView" */ = {
			isa = XCConfigurationList;
			buildConfigurations = (
				96E0AFB1196AB4AA00FE0E72 /* Debug */,
				96E0AFB2196AB4AA00FE0E72 /* Release */,
			);
			defaultConfigurationIsVisible = 0;
			defaultConfigurationName = Release;
		};
		96E0AFB3196AB4AA00FE0E72 /* Build configuration list for PBXNativeTarget "WebView" */ = {
			isa = XCConfigurationList;
			buildConfigurations = (
				96E0AFB4196AB4AA00FE0E72 /* Debug */,
				96E0AFB5196AB4AA00FE0E72 /* Release */,
			);
			defaultConfigurationIsVisible = 0;
		};
		96E0AFB6196AB4AA00FE0E72 /* Build configuration list for PBXNativeTarget "WebViewTests" */ = {
			isa = XCConfigurationList;
			buildConfigurations = (
				96E0AFB7196AB4AA00FE0E72 /* Debug */,
				96E0AFB8196AB4AA00FE0E72 /* Release */,
			);
			defaultConfigurationIsVisible = 0;
		};
/* End XCConfigurationList section */
	};
	rootObject = 96E0AF79196AB4AA00FE0E72 /* Project object */;
}
